
Microsoft Visual Studio Solution File, Format Version 12.00
# Visual Studio Version 17
VisualStudioVersion = 17.0.31903.59
MinimumVisualStudioVersion = 10.0.40219.1
Project("{9A19103F-16F7-4668-BE54-9A1E7A4F7556}") = "Core.Application", "GuestSide.Application\Core.Application.csproj", "{4DF41DBC-F7D3-42B5-A8D0-C3D8C86E83B1}"
EndProject
Project("{9A19103F-16F7-4668-BE54-9A1E7A4F7556}") = "Core.API", "GuestSide.API\Core.API.csproj", "{CE4F9CAD-B709-431E-8B60-7153368ACF9C}"
EndProject
Project("{2150E333-8FDC-42A3-9474-1A3956D46DE8}") = "Application", "Application", "{77DC4A5B-3943-4830-B660-B91007D01F2E}"
EndProject
Project("{2150E333-8FDC-42A3-9474-1A3956D46DE8}") = "Api", "Api", "{265AF401-B0EC-4D15-9B2C-553BC00E027B}"
EndProject
Project("{2150E333-8FDC-42A3-9474-1A3956D46DE8}") = "Common", "Common", "{5B80AD05-2834-45A3-813D-7DEB0DAD008A}"
EndProject
Project("{2150E333-8FDC-42A3-9474-1A3956D46DE8}") = "Tests", "Tests", "{21295F7B-D8E5-4CCF-A815-4F385AB56B68}"
EndProject
Project("{9A19103F-16F7-4668-BE54-9A1E7A4F7556}") = "CSI.UniteTests", "CSI.UniteTestCaes\CSI.UniteTests.csproj", "{8027D227-8C1E-4B74-B86F-22CD8F4A268C}"
EndProject
Project("{2150E333-8FDC-42A3-9474-1A3956D46DE8}") = "RabbitMq", "RabbitMq", "{21E90FCD-3BD4-4DCB-AA61-188F0DB98017}"
EndProject
Project("{FAE04EC0-301F-11D3-BF4B-00C04F79EFBC}") = "Csi.RabbitMq", "Csi.RabbitMq\Csi.RabbitMq.csproj", "{4F6AA038-CA94-429C-B08B-6FEA90308A2C}"
EndProject
Project("{2150E333-8FDC-42A3-9474-1A3956D46DE8}") = "Sheread", "Sheread", "{8A19638F-CA3F-41E7-A4DA-D4479DC18667}"
EndProject
Project("{FAE04EC0-301F-11D3-BF4B-00C04F79EFBC}") = "Generic.API", "..\CSI.HSM.HelpDesk.APIClient\Generic.API\Generic.API.csproj", "{A02EBCA0-66ED-4A87-A7F6-3DC8D323F266}"
EndProject
Project("{FAE04EC0-301F-11D3-BF4B-00C04F79EFBC}") = "Common.Data", "..\CSI.HSM.HelpDesk.APIClient\Common.Data\Common.Data.csproj", "{24213569-CD33-404C-ADB7-FAED352A10EE}"
EndProject
Global
	GlobalSection(SolutionConfigurationPlatforms) = preSolution
		Debug|Any CPU = Debug|Any CPU
		Release|Any CPU = Release|Any CPU
	EndGlobalSection
	GlobalSection(ProjectConfigurationPlatforms) = postSolution
		{4DF41DBC-F7D3-42B5-A8D0-C3D8C86E83B1}.Debug|Any CPU.ActiveCfg = Debug|Any CPU
		{4DF41DBC-F7D3-42B5-A8D0-C3D8C86E83B1}.Debug|Any CPU.Build.0 = Debug|Any CPU
		{4DF41DBC-F7D3-42B5-A8D0-C3D8C86E83B1}.Release|Any CPU.ActiveCfg = Release|Any CPU
		{4DF41DBC-F7D3-42B5-A8D0-C3D8C86E83B1}.Release|Any CPU.Build.0 = Release|Any CPU
		{CE4F9CAD-B709-431E-8B60-7153368ACF9C}.Debug|Any CPU.ActiveCfg = Debug|Any CPU
		{CE4F9CAD-B709-431E-8B60-7153368ACF9C}.Debug|Any CPU.Build.0 = Debug|Any CPU
		{CE4F9CAD-B709-431E-8B60-7153368ACF9C}.Release|Any CPU.ActiveCfg = Release|Any CPU
		{CE4F9CAD-B709-431E-8B60-7153368ACF9C}.Release|Any CPU.Build.0 = Release|Any CPU
		{8027D227-8C1E-4B74-B86F-22CD8F4A268C}.Debug|Any CPU.ActiveCfg = Debug|Any CPU
		{8027D227-8C1E-4B74-B86F-22CD8F4A268C}.Debug|Any CPU.Build.0 = Debug|Any CPU
		{8027D227-8C1E-4B74-B86F-22CD8F4A268C}.Release|Any CPU.ActiveCfg = Release|Any CPU
		{8027D227-8C1E-4B74-B86F-22CD8F4A268C}.Release|Any CPU.Build.0 = Release|Any CPU
		{4F6AA038-CA94-429C-B08B-6FEA90308A2C}.Debug|Any CPU.ActiveCfg = Debug|Any CPU
		{4F6AA038-CA94-429C-B08B-6FEA90308A2C}.Debug|Any CPU.Build.0 = Debug|Any CPU
		{4F6AA038-CA94-429C-B08B-6FEA90308A2C}.Release|Any CPU.ActiveCfg = Release|Any CPU
		{4F6AA038-CA94-429C-B08B-6FEA90308A2C}.Release|Any CPU.Build.0 = Release|Any CPU
		{A02EBCA0-66ED-4A87-A7F6-3DC8D323F266}.Debug|Any CPU.ActiveCfg = Debug|Any CPU
		{A02EBCA0-66ED-4A87-A7F6-3DC8D323F266}.Debug|Any CPU.Build.0 = Debug|Any CPU
		{A02EBCA0-66ED-4A87-A7F6-3DC8D323F266}.Release|Any CPU.ActiveCfg = Release|Any CPU
		{A02EBCA0-66ED-4A87-A7F6-3DC8D323F266}.Release|Any CPU.Build.0 = Release|Any CPU
		{24213569-CD33-404C-ADB7-FAED352A10EE}.Debug|Any CPU.ActiveCfg = Debug|Any CPU
		{24213569-CD33-404C-ADB7-FAED352A10EE}.Debug|Any CPU.Build.0 = Debug|Any CPU
		{24213569-CD33-404C-ADB7-FAED352A10EE}.Release|Any CPU.ActiveCfg = Release|Any CPU
		{24213569-CD33-404C-ADB7-FAED352A10EE}.Release|Any CPU.Build.0 = Release|Any CPU
	EndGlobalSection
	GlobalSection(SolutionProperties) = preSolution
		HideSolutionNode = FALSE
	EndGlobalSection
	GlobalSection(NestedProjects) = preSolution
		{4DF41DBC-F7D3-42B5-A8D0-C3D8C86E83B1} = {77DC4A5B-3943-4830-B660-B91007D01F2E}
		{CE4F9CAD-B709-431E-8B60-7153368ACF9C} = {265AF401-B0EC-4D15-9B2C-553BC00E027B}
		{8027D227-8C1E-4B74-B86F-22CD8F4A268C} = {21295F7B-D8E5-4CCF-A815-4F385AB56B68}
		{21E90FCD-3BD4-4DCB-AA61-188F0DB98017} = {5B80AD05-2834-45A3-813D-7DEB0DAD008A}
		{4F6AA038-CA94-429C-B08B-6FEA90308A2C} = {21E90FCD-3BD4-4DCB-AA61-188F0DB98017}
		{8A19638F-CA3F-41E7-A4DA-D4479DC18667} = {5B80AD05-2834-45A3-813D-7DEB0DAD008A}
		{A02EBCA0-66ED-4A87-A7F6-3DC8D323F266} = {8A19638F-CA3F-41E7-A4DA-D4479DC18667}
		{24213569-CD33-404C-ADB7-FAED352A10EE} = {8A19638F-CA3F-41E7-A4DA-D4479DC18667}
	EndGlobalSection
	GlobalSection(ExtensibilityGlobals) = postSolution
		SolutionGuid = {1AB89616-51C5-4FF3-A804-7AFF4A134B4D}
	EndGlobalSection
EndGlobal
